
Microsoft Visual Studio Solution File, Format Version 12.00
# Visual Studio 15
VisualStudioVersion = 15.0.27428.2037
MinimumVisualStudioVersion = 10.0.40219.1
Project("{FAE04EC0-301F-11D3-BF4B-00C04F79EFBC}") = "Travel Tour Pricing v1", "Travel Tour Pricing\Travel Tour Pricing v1.csproj", "{A24D8220-2379-4621-9A98-39A9251353CF}"
EndProject
Project("{FAE04EC0-301F-11D3-BF4B-00C04F79EFBC}") = "Travel Tour Pricing v1.1", "Travel Tour Priceing v1.1\Travel Tour Pricing v1.1.csproj", "{82CCBD76-8C96-4507-8DF1-DDE52FD0D58C}"
EndProject
Project("{FAE04EC0-301F-11D3-BF4B-00C04F79EFBC}") = "Travel Tour Pricing v1.2", "Travel Tour Pricing v1.2\Travel Tour Pricing v1.2.csproj", "{006FAB08-0B5B-476F-82A4-F582F8C3EE81}"
EndProject
Project("{FAE04EC0-301F-11D3-BF4B-00C04F79EFBC}") = "Travel Tour Pricing v1.3", "Travel Tour Pricing v1.3\Travel Tour Pricing v1.3.csproj", "{F2809D61-8A67-4D65-8112-1601724B9E0C}"
EndProject
Global
	GlobalSection(SolutionConfigurationPlatforms) = preSolution
		Debug|Any CPU = Debug|Any CPU
		Release|Any CPU = Release|Any CPU
	EndGlobalSection
	GlobalSection(ProjectConfigurationPlatforms) = postSolution
		{A24D8220-2379-4621-9A98-39A9251353CF}.Debug|Any CPU.ActiveCfg = Debug|Any CPU
		{A24D8220-2379-4621-9A98-39A9251353CF}.Debug|Any CPU.Build.0 = Debug|Any CPU
		{A24D8220-2379-4621-9A98-39A9251353CF}.Release|Any CPU.ActiveCfg = Release|Any CPU
		{A24D8220-2379-4621-9A98-39A9251353CF}.Release|Any CPU.Build.0 = Release|Any CPU
		{82CCBD76-8C96-4507-8DF1-DDE52FD0D58C}.Debug|Any CPU.ActiveCfg = Debug|Any CPU
		{82CCBD76-8C96-4507-8DF1-DDE52FD0D58C}.Debug|Any CPU.Build.0 = Debug|Any CPU
		{82CCBD76-8C96-4507-8DF1-DDE52FD0D58C}.Release|Any CPU.ActiveCfg = Release|Any CPU
		{82CCBD76-8C96-4507-8DF1-DDE52FD0D58C}.Release|Any CPU.Build.0 = Release|Any CPU
		{006FAB08-0B5B-476F-82A4-F582F8C3EE81}.Debug|Any CPU.ActiveCfg = Debug|Any CPU
		{006FAB08-0B5B-476F-82A4-F582F8C3EE81}.Debug|Any CPU.Build.0 = Debug|Any CPU
		{006FAB08-0B5B-476F-82A4-F582F8C3EE81}.Release|Any CPU.ActiveCfg = Release|Any CPU
		{006FAB08-0B5B-476F-82A4-F582F8C3EE81}.Release|Any CPU.Build.0 = Release|Any CPU
		{F2809D61-8A67-4D65-8112-1601724B9E0C}.Debug|Any CPU.ActiveCfg = Debug|Any CPU
		{F2809D61-8A67-4D65-8112-1601724B9E0C}.Debug|Any CPU.Build.0 = Debug|Any CPU
		{F2809D61-8A67-4D65-8112-1601724B9E0C}.Release|Any CPU.ActiveCfg = Release|Any CPU
		{F2809D61-8A67-4D65-8112-1601724B9E0C}.Release|Any CPU.Build.0 = Release|Any CPU
	EndGlobalSection
	GlobalSection(SolutionProperties) = preSolution
		HideSolutionNode = FALSE
	EndGlobalSection
	GlobalSection(ExtensibilityGlobals) = postSolution
		SolutionGuid = {37A1B412-0546-4964-A3FB-5D8D7D14F640}
	EndGlobalSection
EndGlobal
